
Microsoft Visual Studio Solution File, Format Version 12.00
# Visual Studio Version 17
VisualStudioVersion = 17.3.32825.248
MinimumVisualStudioVersion = 10.0.40219.1
Project("{FAE04EC0-301F-11D3-BF4B-00C04F79EFBC}") = "TizenegyedikHet_DCJSOU", "TizenegyedikHet_DCJSOU\TizenegyedikHet_DCJSOU.csproj", "{9510A03F-D61F-41EC-B1E0-065910DA0DD4}"
EndProject
Global
	GlobalSection(SolutionConfigurationPlatforms) = preSolution
		Debug|Any CPU = Debug|Any CPU
		Release|Any CPU = Release|Any CPU
	EndGlobalSection
	GlobalSection(ProjectConfigurationPlatforms) = postSolution
		{9510A03F-D61F-41EC-B1E0-065910DA0DD4}.Debug|Any CPU.ActiveCfg = Debug|Any CPU
		{9510A03F-D61F-41EC-B1E0-065910DA0DD4}.Debug|Any CPU.Build.0 = Debug|Any CPU
		{9510A03F-D61F-41EC-B1E0-065910DA0DD4}.Release|Any CPU.ActiveCfg = Release|Any CPU
		{9510A03F-D61F-41EC-B1E0-065910DA0DD4}.Release|Any CPU.Build.0 = Release|Any CPU
	EndGlobalSection
	GlobalSection(SolutionProperties) = preSolution
		HideSolutionNode = FALSE
	EndGlobalSection
	GlobalSection(ExtensibilityGlobals) = postSolution
		SolutionGuid = {6D17D22A-7096-4D06-AB2D-B882C37DEF03}
	EndGlobalSection
EndGlobal
